
Microsoft Visual Studio Solution File, Format Version 12.00
# Visual Studio 14
VisualStudioVersion = 14.0.24720.0
MinimumVisualStudioVersion = 10.0.40219.1
Project("{2150E333-8FDC-42A3-9474-1A3956D46DE8}") = "Libs", "Libs", "{06CBBB10-628B-417D-916B-6FA357CF1CD6}"
EndProject
Project("{F184B08F-C81C-45F6-A57F-5ABD9991F28F}") = "GBD.IO.Reactive", "GBD.IO.Reactive\GBD.IO.Reactive.vbproj", "{043F2D86-52CA-48D2-BC5F-85ECFFBB414A}"
EndProject
Project("{F184B08F-C81C-45F6-A57F-5ABD9991F28F}") = "GBD.IO.Serial", "GBD.IO.Serial\GBD.IO.Serial.vbproj", "{CC2739CE-3D3F-4F08-B5C3-C46DD0F74116}"
EndProject
Project("{2150E333-8FDC-42A3-9474-1A3956D46DE8}") = "Tests", "Tests", "{E0DA571A-003A-4D6B-B728-CC50DCA91CD2}"
EndProject
Project("{2150E333-8FDC-42A3-9474-1A3956D46DE8}") = "Examples", "Examples", "{33539855-FDF1-4049-BA14-F6BE57B3A87B}"
EndProject
Project("{F184B08F-C81C-45F6-A57F-5ABD9991F28F}") = "GBD.IO.MSO", "GBD.IO.MSO\GBD.IO.MSO.vbproj", "{651BB9F9-04D7-464A-B51B-AE6DB39F6AFE}"
EndProject
Project("{F184B08F-C81C-45F6-A57F-5ABD9991F28F}") = "GBD.IO.K8055", "GBD.IO.K8055\GBD.IO.K8055.vbproj", "{9EDB1748-923A-43A8-9B40-629CDC3B09D5}"
EndProject
Project("{F184B08F-C81C-45F6-A57F-5ABD9991F28F}") = "GBD.IO.BusPirate", "GBD.IO.BusPirate\GBD.IO.BusPirate.vbproj", "{0093AFD1-6650-484C-A5D9-0EE061F02207}"
EndProject
Project("{F184B08F-C81C-45F6-A57F-5ABD9991F28F}") = "GBD.IO.Bossa", "GBD.IO.Bossa\GBD.IO.Bossa.vbproj", "{F7FA42E9-944E-4556-99A8-A485F84FFBDB}"
EndProject
Project("{F184B08F-C81C-45F6-A57F-5ABD9991F28F}") = "GBD.IO.Reactive.Tests", "..\Tests\GBD.IO.Reactive.Tests\GBD.IO.Reactive.Tests.vbproj", "{6963174E-0BD7-448A-8855-0B9B3E6C3392}"
EndProject
Project("{F184B08F-C81C-45F6-A57F-5ABD9991F28F}") = "GBD.IO.Serial.Tests", "..\Tests\GBD.IO.Serial.Tests\GBD.IO.Serial.Tests.vbproj", "{A1B702C0-8B05-461F-AF54-7789BF08BBD4}"
EndProject
Project("{F184B08F-C81C-45F6-A57F-5ABD9991F28F}") = "Examples.ProcessTest1.old", "..\Examples\Examples.Reactive\Examples.ProcessTest1.old\Examples.ProcessTest1.old.vbproj", "{F5B8F490-D7C7-4CE3-A664-B442A79286F6}"
EndProject
Project("{2150E333-8FDC-42A3-9474-1A3956D46DE8}") = "Old", "Old", "{C508DF7B-C81C-40DC-B54A-8978A8AE0D92}"
EndProject
Project("{F184B08F-C81C-45F6-A57F-5ABD9991F28F}") = "Example.Process1", "..\Examples\Reactive\Example.Process1\Example.Process1.vbproj", "{593BD75C-A832-4D05-A18E-6F3C4608FF93}"
EndProject
Project("{2150E333-8FDC-42A3-9474-1A3956D46DE8}") = "Reactive", "Reactive", "{0BB19F16-9EEA-4D96-AB2E-9CC1C53355F2}"
EndProject
Global
	GlobalSection(SolutionConfigurationPlatforms) = preSolution
		Debug|Any CPU = Debug|Any CPU
		Release|Any CPU = Release|Any CPU
	EndGlobalSection
	GlobalSection(ProjectConfigurationPlatforms) = postSolution
		{043F2D86-52CA-48D2-BC5F-85ECFFBB414A}.Debug|Any CPU.ActiveCfg = Debug|Any CPU
		{043F2D86-52CA-48D2-BC5F-85ECFFBB414A}.Debug|Any CPU.Build.0 = Debug|Any CPU
		{043F2D86-52CA-48D2-BC5F-85ECFFBB414A}.Release|Any CPU.ActiveCfg = Release|Any CPU
		{043F2D86-52CA-48D2-BC5F-85ECFFBB414A}.Release|Any CPU.Build.0 = Release|Any CPU
		{CC2739CE-3D3F-4F08-B5C3-C46DD0F74116}.Debug|Any CPU.ActiveCfg = Debug|Any CPU
		{CC2739CE-3D3F-4F08-B5C3-C46DD0F74116}.Debug|Any CPU.Build.0 = Debug|Any CPU
		{CC2739CE-3D3F-4F08-B5C3-C46DD0F74116}.Release|Any CPU.ActiveCfg = Release|Any CPU
		{CC2739CE-3D3F-4F08-B5C3-C46DD0F74116}.Release|Any CPU.Build.0 = Release|Any CPU
		{651BB9F9-04D7-464A-B51B-AE6DB39F6AFE}.Debug|Any CPU.ActiveCfg = Debug|Any CPU
		{651BB9F9-04D7-464A-B51B-AE6DB39F6AFE}.Debug|Any CPU.Build.0 = Debug|Any CPU
		{651BB9F9-04D7-464A-B51B-AE6DB39F6AFE}.Release|Any CPU.ActiveCfg = Release|Any CPU
		{651BB9F9-04D7-464A-B51B-AE6DB39F6AFE}.Release|Any CPU.Build.0 = Release|Any CPU
		{9EDB1748-923A-43A8-9B40-629CDC3B09D5}.Debug|Any CPU.ActiveCfg = Debug|Any CPU
		{9EDB1748-923A-43A8-9B40-629CDC3B09D5}.Debug|Any CPU.Build.0 = Debug|Any CPU
		{9EDB1748-923A-43A8-9B40-629CDC3B09D5}.Release|Any CPU.ActiveCfg = Release|Any CPU
		{9EDB1748-923A-43A8-9B40-629CDC3B09D5}.Release|Any CPU.Build.0 = Release|Any CPU
		{0093AFD1-6650-484C-A5D9-0EE061F02207}.Debug|Any CPU.ActiveCfg = Debug|Any CPU
		{0093AFD1-6650-484C-A5D9-0EE061F02207}.Debug|Any CPU.Build.0 = Debug|Any CPU
		{0093AFD1-6650-484C-A5D9-0EE061F02207}.Release|Any CPU.ActiveCfg = Release|Any CPU
		{0093AFD1-6650-484C-A5D9-0EE061F02207}.Release|Any CPU.Build.0 = Release|Any CPU
		{F7FA42E9-944E-4556-99A8-A485F84FFBDB}.Debug|Any CPU.ActiveCfg = Debug|Any CPU
		{F7FA42E9-944E-4556-99A8-A485F84FFBDB}.Debug|Any CPU.Build.0 = Debug|Any CPU
		{F7FA42E9-944E-4556-99A8-A485F84FFBDB}.Release|Any CPU.ActiveCfg = Release|Any CPU
		{F7FA42E9-944E-4556-99A8-A485F84FFBDB}.Release|Any CPU.Build.0 = Release|Any CPU
		{6963174E-0BD7-448A-8855-0B9B3E6C3392}.Debug|Any CPU.ActiveCfg = Debug|Any CPU
		{6963174E-0BD7-448A-8855-0B9B3E6C3392}.Debug|Any CPU.Build.0 = Debug|Any CPU
		{6963174E-0BD7-448A-8855-0B9B3E6C3392}.Release|Any CPU.ActiveCfg = Release|Any CPU
		{6963174E-0BD7-448A-8855-0B9B3E6C3392}.Release|Any CPU.Build.0 = Release|Any CPU
		{A1B702C0-8B05-461F-AF54-7789BF08BBD4}.Debug|Any CPU.ActiveCfg = Debug|Any CPU
		{A1B702C0-8B05-461F-AF54-7789BF08BBD4}.Debug|Any CPU.Build.0 = Debug|Any CPU
		{A1B702C0-8B05-461F-AF54-7789BF08BBD4}.Release|Any CPU.ActiveCfg = Release|Any CPU
		{A1B702C0-8B05-461F-AF54-7789BF08BBD4}.Release|Any CPU.Build.0 = Release|Any CPU
		{F5B8F490-D7C7-4CE3-A664-B442A79286F6}.Debug|Any CPU.ActiveCfg = Debug|Any CPU
		{F5B8F490-D7C7-4CE3-A664-B442A79286F6}.Debug|Any CPU.Build.0 = Debug|Any CPU
		{F5B8F490-D7C7-4CE3-A664-B442A79286F6}.Release|Any CPU.ActiveCfg = Release|Any CPU
		{F5B8F490-D7C7-4CE3-A664-B442A79286F6}.Release|Any CPU.Build.0 = Release|Any CPU
		{593BD75C-A832-4D05-A18E-6F3C4608FF93}.Debug|Any CPU.ActiveCfg = Debug|Any CPU
		{593BD75C-A832-4D05-A18E-6F3C4608FF93}.Debug|Any CPU.Build.0 = Debug|Any CPU
		{593BD75C-A832-4D05-A18E-6F3C4608FF93}.Release|Any CPU.ActiveCfg = Release|Any CPU
		{593BD75C-A832-4D05-A18E-6F3C4608FF93}.Release|Any CPU.Build.0 = Release|Any CPU
	EndGlobalSection
	GlobalSection(SolutionProperties) = preSolution
		HideSolutionNode = FALSE
	EndGlobalSection
	GlobalSection(NestedProjects) = preSolution
		{043F2D86-52CA-48D2-BC5F-85ECFFBB414A} = {06CBBB10-628B-417D-916B-6FA357CF1CD6}
		{CC2739CE-3D3F-4F08-B5C3-C46DD0F74116} = {06CBBB10-628B-417D-916B-6FA357CF1CD6}
		{651BB9F9-04D7-464A-B51B-AE6DB39F6AFE} = {06CBBB10-628B-417D-916B-6FA357CF1CD6}
		{9EDB1748-923A-43A8-9B40-629CDC3B09D5} = {06CBBB10-628B-417D-916B-6FA357CF1CD6}
		{0093AFD1-6650-484C-A5D9-0EE061F02207} = {06CBBB10-628B-417D-916B-6FA357CF1CD6}
		{F7FA42E9-944E-4556-99A8-A485F84FFBDB} = {06CBBB10-628B-417D-916B-6FA357CF1CD6}
		{6963174E-0BD7-448A-8855-0B9B3E6C3392} = {E0DA571A-003A-4D6B-B728-CC50DCA91CD2}
		{A1B702C0-8B05-461F-AF54-7789BF08BBD4} = {E0DA571A-003A-4D6B-B728-CC50DCA91CD2}
		{F5B8F490-D7C7-4CE3-A664-B442A79286F6} = {C508DF7B-C81C-40DC-B54A-8978A8AE0D92}
		{C508DF7B-C81C-40DC-B54A-8978A8AE0D92} = {33539855-FDF1-4049-BA14-F6BE57B3A87B}
		{593BD75C-A832-4D05-A18E-6F3C4608FF93} = {0BB19F16-9EEA-4D96-AB2E-9CC1C53355F2}
		{0BB19F16-9EEA-4D96-AB2E-9CC1C53355F2} = {33539855-FDF1-4049-BA14-F6BE57B3A87B}
	EndGlobalSection
EndGlobal
